<?xml version="1.0" encoding="utf-8"?>
<Project ToolsVersion="4.0" xmlns="http://schemas.microsoft.com/developer/msbuild/2003">
  <ItemGroup>
    <Filter Include="Source Files">
      <UniqueIdentifier>{4FC737F1-C7A5-4376-A066-2A32D752A2FF}</UniqueIdentifier>
      <Extensions>cpp;c;cc;cxx;c++;cppm;ixx;def;odl;idl;hpj;bat;asm;asmx</Extensions>
    </Filter>
    <Filter Include="Header Files">
      <UniqueIdentifier>{93995380-89BD-4b04-88EB-625FBE52EBFB}</UniqueIdentifier>
      <Extensions>h;hh;hpp;hxx;h++;hm;inl;inc;ipp;xsd</Extensions>
    </Filter>
    <Filter Include="Shader Files">
      <UniqueIdentifier>{2af3c373-c312-4986-84ba-42b74139d0fa}</UniqueIdentifier>
    </Filter>
  </ItemGroup>
  <!-- ===== Sources (.cpp) ===== -->
  <ItemGroup>
    <ClCompile Include="src\main.cpp">
      <Filter>Source Files</Filter>
    </ClCompile>
    <ClCompile Include="src\precompiled.cpp">
      <Filter>Source Files</Filter>
    </ClCompile>
    <!-- glad -->
    <ClCompile Include="src\glad\src\gl.c">
      <Filter>Source Files</Filter>
    </ClCompile>
    <!-- core -->
    <ClCompile Include="src\core\App.cpp">
      <Filter>Source Files</Filter>
    </ClCompile>
    <ClCompile Include="src\core\Loader.cpp">
      <Filter>Source Files</Filter>
    </ClCompile>
    <ClCompile Include="src\core\Material.cpp">
      <Filter>Source Files</Filter>
    </ClCompile>
    <ClCompile Include="src\core\Mesh.cpp">
      <Filter>Source Files</Filter>
    </ClCompile>
    <ClCompile Include="src\core\Shader.cpp">
      <Filter>Source Files</Filter>
    </ClCompile>
    <ClCompile Include="src\core\Texture.cpp">
      <Filter>Source Files</Filter>
    </ClCompile>
    <!-- moved from objects -> core -->
    <ClCompile Include="src\core\Object.cpp">
      <Filter>Source Files</Filter>
    </ClCompile>
    <ClCompile Include="src\core\World.cpp">
      <Filter>Source Files</Filter>
    </ClCompile>
    <ClCompile Include="src\core\Environment.cpp">
      <Filter>Source Files</Filter>
    </ClCompile>
    <ClCompile Include="src\core\Light.cpp">
      <Filter>Source Files</Filter>
    </ClCompile>
    <!-- interface -->
    <ClCompile Include="src\interface\Camera.cpp">
      <Filter>Source Files</Filter>
    </ClCompile>
    <ClCompile Include="src\interface\Window.cpp">
      <Filter>Source Files</Filter>
    </ClCompile>
    <ClCompile Include="src\interface\TextRenderer.cpp">
      <Filter>Source Files</Filter>
    </ClCompile>
    <ClCompile Include="src\interface\Menu.cpp">
      <Filter>Source Files</Filter>
    </ClCompile>
    <ClCompile Include="src\interface\Drawable.cpp">
      <Filter>Source Files</Filter>
    </ClCompile>
    <!-- objects (remain) -->
    <ClCompile Include="src\objects\Ball.cpp">
      <Filter>Source Files</Filter>
    </ClCompile>
    <ClCompile Include="src\objects\Cue.cpp">
      <Filter>Source Files</Filter>
    </ClCompile>
    <ClCompile Include="src\objects\Table.cpp">
      <Filter>Source Files</Filter>
    </ClCompile>
    <ClCompile Include="src\objects\CueBallMap.cpp">
      <Filter>Source Files</Filter>
    </ClCompile>
    <ClCompile Include="src\objects\Ceiling.cpp">
      <Filter>Source Files</Filter>
    </ClCompile>
    <!-- gameplay (new) -->
    <ClCompile Include="src\gameplay\GameRules.cpp">
      <Filter>Source Files</Filter>
    </ClCompile>
    <ClCompile Include="src\gameplay\GameState.cpp">
      <Filter>Source Files</Filter>
    </ClCompile>
  </ItemGroup>
  <!-- ===== Headers (.h/.hpp) ===== -->
  <ItemGroup>
    <ClInclude Include="src\precompiled.h">
      <Filter>Header Files</Filter>
    </ClInclude>
    <ClInclude Include="src\Config.hpp">
      <Filter>Header Files</Filter>
    </ClInclude>
    <!-- core -->
    <ClInclude Include="src\core\App.hpp">
      <Filter>Header Files</Filter>
    </ClInclude>
    <ClInclude Include="src\core\Loader.hpp">
      <Filter>Header Files</Filter>
    </ClInclude>
    <ClInclude Include="src\core\Material.hpp">
      <Filter>Header Files</Filter>
    </ClInclude>
    <ClInclude Include="src\core\Mesh.hpp">
      <Filter>Header Files</Filter>
    </ClInclude>
    <ClInclude Include="src\core\Shader.hpp">
      <Filter>Header Files</Filter>
    </ClInclude>
    <ClInclude Include="src\core\Texture.hpp">
      <Filter>Header Files</Filter>
    </ClInclude>
    <ClInclude Include="src\core\Vertex.hpp">
      <Filter>Header Files</Filter>
    </ClInclude>
    <!-- moved from objects -> core -->
    <ClInclude Include="src\core\Object.hpp">
      <Filter>Header Files</Filter>
    </ClInclude>
    <ClInclude Include="src\core\World.hpp">
      <Filter>Header Files</Filter>
    </ClInclude>
    <ClInclude Include="src\core\Environment.hpp">
      <Filter>Header Files</Filter>
    </ClInclude>
    <ClInclude Include="src\core\Light.hpp">
      <Filter>Header Files</Filter>
    </ClInclude>
    <!-- interface -->
    <ClInclude Include="src\interface\Camera.hpp">
      <Filter>Header Files</Filter>
    </ClInclude>
    <ClInclude Include="src\interface\Window.hpp">
      <Filter>Header Files</Filter>
    </ClInclude>
    <ClInclude Include="src\interface\TextRenderer.hpp">
      <Filter>Header Files</Filter>
    </ClInclude>
    <ClInclude Include="src\interface\Menu.hpp">
      <Filter>Header Files</Filter>
    </ClInclude>
    <ClInclude Include="src\interface\Drawable.hpp">
      <Filter>Header Files</Filter>
    </ClInclude>
    <!-- glad headers -->
    <ClInclude Include="src\include\glad\gl.h">
      <Filter>Header Files</Filter>
    </ClInclude>
    <ClInclude Include="src\include\KHR\khrplatform.h">
      <Filter>Header Files</Filter>
    </ClInclude>
    <!-- objects (remain) -->
    <ClInclude Include="src\objects\Ball.hpp">
      <Filter>Header Files</Filter>
    </ClInclude>
    <ClInclude Include="src\objects\Cue.hpp">
      <Filter>Header Files</Filter>
    </ClInclude>
    <ClInclude Include="src\objects\Table.hpp">
      <Filter>Header Files</Filter>
    </ClInclude>
    <ClInclude Include="src\objects\CueBallMap.hpp">
      <Filter>Header Files</Filter>
    </ClInclude>
    <ClInclude Include="src\objects\Ceiling.hpp">
      <Filter>Header Files</Filter>
    </ClInclude>
    <!-- gameplay (new) -->
    <ClInclude Include="src\gameplay\GameRules.hpp">
      <Filter>Header Files</Filter>
    </ClInclude>
    <ClInclude Include="src\gameplay\GameState.hpp">
      <Filter>Header Files</Filter>
    </ClInclude>
    <ClInclude Include="src\gameplay\Player.hpp">
      <Filter>Header Files</Filter>
    </ClInclude>
    <!-- misc -->
    <ClInclude Include="src\Logger.hpp">
      <Filter>Header Files</Filter>
    </ClInclude>
    <ClInclude Include="resource.h">
      <Filter>Header Files</Filter>
    </ClInclude>
  </ItemGroup>
  <!-- ===== Shaders / None ===== -->
  <ItemGroup>
    <None Include="src\shaders\background.fragmentshader">
      <Filter>Shader Files</Filter>
    </None>
    <None Include="src\shaders\text.vertexshader">
      <Filter>Shader Files</Filter>
    </None>
    <None Include="src\shaders\text.fragmentshader">
      <Filter>Shader Files</Filter>
    </None>
    <None Include="src\shaders\Spriteshader.vertexshader">
      <Filter>Shader Files</Filter>
    </None>
    <None Include="src\shaders\Spriteshader.fragmentshader">
      <Filter>Shader Files</Filter>
    </None>
    <None Include="src\shaders\shader.vertexshader">
      <Filter>Shader Files</Filter>
    </None>
    <None Include="src\shaders\shader.fragmentshader">
      <Filter>Shader Files</Filter>
    </None>
    <None Include="src\shaders\irradiance.fragmentshader">
      <Filter>Shader Files</Filter>
    </None>
    <None Include="src\shaders\prefilter.fragmentshader">
      <Filter>Shader Files</Filter>
    </None>
    <None Include="src\shaders\Depth.vertexshader">
      <Filter>Shader Files</Filter>
    </None>
    <None Include="src\shaders\Depth.fragmentshader">
      <Filter>Shader Files</Filter>
    </None>
    <None Include="src\shaders\CueMap.vertexshader">
      <Filter>Shader Files</Filter>
    </None>
    <None Include="src\shaders\CueMap.fragmentshader">
      <Filter>Shader Files</Filter>
    </None>
    <None Include="src\shaders\cubemap.vertexshader">
      <Filter>Shader Files</Filter>
    </None>
    <None Include="src\shaders\cubemap.fragmentshader">
      <Filter>Shader Files</Filter>
    </None>
    <None Include="src\shaders\brdf.vertexshader">
      <Filter>Shader Files</Filter>
    </None>
    <None Include="src\shaders\brdf.fragmentshader">
      <Filter>Shader Files</Filter>
    </None>
    <None Include="src\shaders\background.vertexshader">
      <Filter>Shader Files</Filter>
    </None>
  </ItemGroup>
  <ItemGroup>
    <Image Include="assets\icons\billiards.ico" />
  </ItemGroup>
  <ItemGroup>
    <ResourceCompile Include="appicon.rc" />
  </ItemGroup>
</Project>